
Microsoft Visual Studio Solution File, Format Version 12.00
# Visual Studio Version 17
VisualStudioVersion = 17.6.33815.320
MinimumVisualStudioVersion = 10.0.40219.1
Project("{9A19103F-16F7-4668-BE54-9A1E7A4F7556}") = "ASP_WebApi", "ASP_WebApi\ASP_WebApi.csproj", "{5BDF254C-C780-49BD-A7C6-4A8BC23C6B46}"
EndProject
Project("{FAE04EC0-301F-11D3-BF4B-00C04F79EFBC}") = "Razor_Web_Application", "Razor_Web_Application\Razor_Web_Application.csproj", "{043226BE-F5A1-42F7-8B42-291B75A78D0B}"
EndProject
Global
	GlobalSection(SolutionConfigurationPlatforms) = preSolution
		Debug|Any CPU = Debug|Any CPU
		Release|Any CPU = Release|Any CPU
	EndGlobalSection
	GlobalSection(ProjectConfigurationPlatforms) = postSolution
		{5BDF254C-C780-49BD-A7C6-4A8BC23C6B46}.Debug|Any CPU.ActiveCfg = Debug|Any CPU
		{5BDF254C-C780-49BD-A7C6-4A8BC23C6B46}.Debug|Any CPU.Build.0 = Debug|Any CPU
		{5BDF254C-C780-49BD-A7C6-4A8BC23C6B46}.Release|Any CPU.ActiveCfg = Release|Any CPU
		{5BDF254C-C780-49BD-A7C6-4A8BC23C6B46}.Release|Any CPU.Build.0 = Release|Any CPU
		{043226BE-F5A1-42F7-8B42-291B75A78D0B}.Debug|Any CPU.ActiveCfg = Debug|Any CPU
		{043226BE-F5A1-42F7-8B42-291B75A78D0B}.Debug|Any CPU.Build.0 = Debug|Any CPU
		{043226BE-F5A1-42F7-8B42-291B75A78D0B}.Release|Any CPU.ActiveCfg = Release|Any CPU
		{043226BE-F5A1-42F7-8B42-291B75A78D0B}.Release|Any CPU.Build.0 = Release|Any CPU
	EndGlobalSection
	GlobalSection(SolutionProperties) = preSolution
		HideSolutionNode = FALSE
	EndGlobalSection
	GlobalSection(ExtensibilityGlobals) = postSolution
		SolutionGuid = {42E7602D-EB4B-46C9-80BC-3D6CF305B934}
	EndGlobalSection
EndGlobal
