
Microsoft Visual Studio Solution File, Format Version 12.00
# Visual Studio Version 17
VisualStudioVersion = 17.6.33815.320
MinimumVisualStudioVersion = 10.0.40219.1
Project("{9A19103F-16F7-4668-BE54-9A1E7A4F7556}") = "ASP_WebApi", "ASP_WebApi\ASP_WebApi.csproj", "{5BDF254C-C780-49BD-A7C6-4A8BC23C6B46}"
EndProject
Project("{9A19103F-16F7-4668-BE54-9A1E7A4F7556}") = "ASP_.Net_MVC_PROJECT.DATAACCESS", "ASP_.NET_MVC_PROJECT.DATAACCESS\ASP_.Net_MVC_PROJECT.DATAACCESS.csproj", "{D032B739-0180-40B4-A91C-3C90EDF7CDD5}"
EndProject
Project("{9A19103F-16F7-4668-BE54-9A1E7A4F7556}") = "ASP_.Net_MVC_PROJECT.Models", "ASP_.NET_MVC_PROJECT.Models\ASP_.Net_MVC_PROJECT.Models.csproj", "{606A6683-E38F-4997-807F-5A47B1807E39}"
EndProject
Project("{9A19103F-16F7-4668-BE54-9A1E7A4F7556}") = "ASP_.Net_MVC_PROJECT.Utility", "ASP_.NET_MVC_PROJECT.Utility\ASP_.Net_MVC_PROJECT.Utility.csproj", "{8B91ECE7-F4EB-4EC1-AAC5-541932114024}"
EndProject
Global
	GlobalSection(SolutionConfigurationPlatforms) = preSolution
		Debug|Any CPU = Debug|Any CPU
		Release|Any CPU = Release|Any CPU
	EndGlobalSection
	GlobalSection(ProjectConfigurationPlatforms) = postSolution
		{5BDF254C-C780-49BD-A7C6-4A8BC23C6B46}.Debug|Any CPU.ActiveCfg = Debug|Any CPU
		{5BDF254C-C780-49BD-A7C6-4A8BC23C6B46}.Debug|Any CPU.Build.0 = Debug|Any CPU
		{5BDF254C-C780-49BD-A7C6-4A8BC23C6B46}.Release|Any CPU.ActiveCfg = Release|Any CPU
		{5BDF254C-C780-49BD-A7C6-4A8BC23C6B46}.Release|Any CPU.Build.0 = Release|Any CPU
		{D032B739-0180-40B4-A91C-3C90EDF7CDD5}.Debug|Any CPU.ActiveCfg = Debug|Any CPU
		{D032B739-0180-40B4-A91C-3C90EDF7CDD5}.Debug|Any CPU.Build.0 = Debug|Any CPU
		{D032B739-0180-40B4-A91C-3C90EDF7CDD5}.Release|Any CPU.ActiveCfg = Release|Any CPU
		{D032B739-0180-40B4-A91C-3C90EDF7CDD5}.Release|Any CPU.Build.0 = Release|Any CPU
		{606A6683-E38F-4997-807F-5A47B1807E39}.Debug|Any CPU.ActiveCfg = Debug|Any CPU
		{606A6683-E38F-4997-807F-5A47B1807E39}.Debug|Any CPU.Build.0 = Debug|Any CPU
		{606A6683-E38F-4997-807F-5A47B1807E39}.Release|Any CPU.ActiveCfg = Release|Any CPU
		{606A6683-E38F-4997-807F-5A47B1807E39}.Release|Any CPU.Build.0 = Release|Any CPU
		{8B91ECE7-F4EB-4EC1-AAC5-541932114024}.Debug|Any CPU.ActiveCfg = Debug|Any CPU
		{8B91ECE7-F4EB-4EC1-AAC5-541932114024}.Debug|Any CPU.Build.0 = Debug|Any CPU
		{8B91ECE7-F4EB-4EC1-AAC5-541932114024}.Release|Any CPU.ActiveCfg = Release|Any CPU
		{8B91ECE7-F4EB-4EC1-AAC5-541932114024}.Release|Any CPU.Build.0 = Release|Any CPU
	EndGlobalSection
	GlobalSection(SolutionProperties) = preSolution
		HideSolutionNode = FALSE
	EndGlobalSection
	GlobalSection(ExtensibilityGlobals) = postSolution
		SolutionGuid = {42E7602D-EB4B-46C9-80BC-3D6CF305B934}
	EndGlobalSection
EndGlobal
